// !$*UTF8*$!
{
	archiveVersion = 1;
	classes = {
	};
	objectVersion = 56;
	objects = {

/* Begin PBXBuildFile section */
		23C3B7C3EE886421BC119281 /* Pods_ExScrolling.framework in Frameworks */ = {isa = PBXBuildFile; fileRef = D993B72AE1A5CE1F9EF7FADB /* Pods_ExScrolling.framework */; };
		4A33B5822986CDD200BB8CBB /* AppDelegate.swift in Sources */ = {isa = PBXBuildFile; fileRef = 4A33B5812986CDD200BB8CBB /* AppDelegate.swift */; };
		4A33B5842986CDD200BB8CBB /* SceneDelegate.swift in Sources */ = {isa = PBXBuildFile; fileRef = 4A33B5832986CDD200BB8CBB /* SceneDelegate.swift */; };
		4A33B5862986CDD200BB8CBB /* ViewController.swift in Sources */ = {isa = PBXBuildFile; fileRef = 4A33B5852986CDD200BB8CBB /* ViewController.swift */; };
		4A33B5892986CDD200BB8CBB /* Main.storyboard in Resources */ = {isa = PBXBuildFile; fileRef = 4A33B5872986CDD200BB8CBB /* Main.storyboard */; };
		4A33B58B2986CDD300BB8CBB /* Assets.xcassets in Resources */ = {isa = PBXBuildFile; fileRef = 4A33B58A2986CDD300BB8CBB /* Assets.xcassets */; };
		4A33B58E2986CDD300BB8CBB /* LaunchScreen.storyboard in Resources */ = {isa = PBXBuildFile; fileRef = 4A33B58C2986CDD300BB8CBB /* LaunchScreen.storyboard */; };
		4A33B5962986CE0200BB8CBB /* MyView.swift in Sources */ = {isa = PBXBuildFile; fileRef = 4A33B5952986CE0200BB8CBB /* MyView.swift */; };
/* End PBXBuildFile section */

/* Begin PBXFileReference section */
		4A33B57E2986CDD200BB8CBB /* ExScrolling.app */ = {isa = PBXFileReference; explicitFileType = wrapper.application; includeInIndex = 0; path = ExScrolling.app; sourceTree = BUILT_PRODUCTS_DIR; };
		4A33B5812986CDD200BB8CBB /* AppDelegate.swift */ = {isa = PBXFileReference; lastKnownFileType = sourcecode.swift; path = AppDelegate.swift; sourceTree = "<group>"; };
		4A33B5832986CDD200BB8CBB /* SceneDelegate.swift */ = {isa = PBXFileReference; lastKnownFileType = sourcecode.swift; path = SceneDelegate.swift; sourceTree = "<group>"; };
		4A33B5852986CDD200BB8CBB /* ViewController.swift */ = {isa = PBXFileReference; lastKnownFileType = sourcecode.swift; path = ViewController.swift; sourceTree = "<group>"; };
		4A33B5882986CDD200BB8CBB /* Base */ = {isa = PBXFileReference; lastKnownFileType = file.storyboard; name = Base; path = Base.lproj/Main.storyboard; sourceTree = "<group>"; };
		4A33B58A2986CDD300BB8CBB /* Assets.xcassets */ = {isa = PBXFileReference; lastKnownFileType = folder.assetcatalog; path = Assets.xcassets; sourceTree = "<group>"; };
		4A33B58D2986CDD300BB8CBB /* Base */ = {isa = PBXFileReference; lastKnownFileType = file.storyboard; name = Base; path = Base.lproj/LaunchScreen.storyboard; sourceTree = "<group>"; };
		4A33B58F2986CDD300BB8CBB /* Info.plist */ = {isa = PBXFileReference; lastKnownFileType = text.plist.xml; path = Info.plist; sourceTree = "<group>"; };
		4A33B5952986CE0200BB8CBB /* MyView.swift */ = {isa = PBXFileReference; lastKnownFileType = sourcecode.swift; path = MyView.swift; sourceTree = "<group>"; };
		7692A8A51EDD6D25F51A813B /* Pods-ExScrolling.release.xcconfig */ = {isa = PBXFileReference; includeInIndex = 1; lastKnownFileType = text.xcconfig; name = "Pods-ExScrolling.release.xcconfig"; path = "Target Support Files/Pods-ExScrolling/Pods-ExScrolling.release.xcconfig"; sourceTree = "<group>"; };
		B10DC97C51321394B91D21D7 /* Pods-ExScrolling.debug.xcconfig */ = {isa = PBXFileReference; includeInIndex = 1; lastKnownFileType = text.xcconfig; name = "Pods-ExScrolling.debug.xcconfig"; path = "Target Support Files/Pods-ExScrolling/Pods-ExScrolling.debug.xcconfig"; sourceTree = "<group>"; };
		D993B72AE1A5CE1F9EF7FADB /* Pods_ExScrolling.framework */ = {isa = PBXFileReference; explicitFileType = wrapper.framework; includeInIndex = 0; path = Pods_ExScrolling.framework; sourceTree = BUILT_PRODUCTS_DIR; };
/* End PBXFileReference section */

/* Begin PBXFrameworksBuildPhase section */
		4A33B57B2986CDD200BB8CBB /* Frameworks */ = {
			isa = PBXFrameworksBuildPhase;
			buildActionMask = 2147483647;
			files = (
				23C3B7C3EE886421BC119281 /* Pods_ExScrolling.framework in Frameworks */,
			);
			runOnlyForDeploymentPostprocessing = 0;
		};
/* End PBXFrameworksBuildPhase section */

/* Begin PBXGroup section */
		3CD9527888D7122A07F0DDCD /* Frameworks */ = {
			isa = PBXGroup;
			children = (
				D993B72AE1A5CE1F9EF7FADB /* Pods_ExScrolling.framework */,
			);
			name = Frameworks;
			sourceTree = "<group>";
		};
		4A33B5752986CDD200BB8CBB = {
			isa = PBXGroup;
			children = (
				4A33B5802986CDD200BB8CBB /* ExScrolling */,
				4A33B57F2986CDD200BB8CBB /* Products */,
				74B50C9F718EF0722B2280B1 /* Pods */,
				3CD9527888D7122A07F0DDCD /* Frameworks */,
			);
			sourceTree = "<group>";
		};
		4A33B57F2986CDD200BB8CBB /* Products */ = {
			isa = PBXGroup;
			children = (
				4A33B57E2986CDD200BB8CBB /* ExScrolling.app */,
			);
			name = Products;
			sourceTree = "<group>";
		};
		4A33B5802986CDD200BB8CBB /* ExScrolling */ = {
			isa = PBXGroup;
			children = (
				4A33B5812986CDD200BB8CBB /* AppDelegate.swift */,
				4A33B5832986CDD200BB8CBB /* SceneDelegate.swift */,
				4A33B5852986CDD200BB8CBB /* ViewController.swift */,
				4A33B5952986CE0200BB8CBB /* MyView.swift */,
				4A33B5872986CDD200BB8CBB /* Main.storyboard */,
				4A33B58A2986CDD300BB8CBB /* Assets.xcassets */,
				4A33B58C2986CDD300BB8CBB /* LaunchScreen.storyboard */,
				4A33B58F2986CDD300BB8CBB /* Info.plist */,
			);
			path = ExScrolling;
			sourceTree = "<group>";
		};
		74B50C9F718EF0722B2280B1 /* Pods */ = {
			isa = PBXGroup;
			children = (
				B10DC97C51321394B91D21D7 /* Pods-ExScrolling.debug.xcconfig */,
				7692A8A51EDD6D25F51A813B /* Pods-ExScrolling.release.xcconfig */,
			);
			path = Pods;
			sourceTree = "<group>";
		};
/* End PBXGroup section */

/* Begin PBXNativeTarget section */
		4A33B57D2986CDD200BB8CBB /* ExScrolling */ = {
			isa = PBXNativeTarget;
			buildConfigurationList = 4A33B5922986CDD300BB8CBB /* Build configuration list for PBXNativeTarget "ExScrolling" */;
			buildPhases = (
				B4C9FDE1ABE51180EC0159FB /* [CP] Check Pods Manifest.lock */,
				4A33B57A2986CDD200BB8CBB /* Sources */,
				4A33B57B2986CDD200BB8CBB /* Frameworks */,
				4A33B57C2986CDD200BB8CBB /* Resources */,
				2A60138CD0E9C47A6E055ED6 /* [CP] Embed Pods Frameworks */,
			);
			buildRules = (
			);
			dependencies = (
			);
			name = ExScrolling;
			productName = ExScrolling;
			productReference = 4A33B57E2986CDD200BB8CBB /* ExScrolling.app */;
			productType = "com.apple.product-type.application";
		};
/* End PBXNativeTarget section */

/* Begin PBXProject section */
		4A33B5762986CDD200BB8CBB /* Project object */ = {
			isa = PBXProject;
			attributes = {
				BuildIndependentTargetsInParallel = 1;
				LastSwiftUpdateCheck = 1420;
				LastUpgradeCheck = 1420;
				TargetAttributes = {
					4A33B57D2986CDD200BB8CBB = {
						CreatedOnToolsVersion = 14.2;
					};
				};
			};
			buildConfigurationList = 4A33B5792986CDD200BB8CBB /* Build configuration list for PBXProject "ExScrolling" */;
			compatibilityVersion = "Xcode 14.0";
			developmentRegion = en;
			hasScannedForEncodings = 0;
			knownRegions = (
				en,
				Base,
			);
			mainGroup = 4A33B5752986CDD200BB8CBB;
			productRefGroup = 4A33B57F2986CDD200BB8CBB /* Products */;
			projectDirPath = "";
			projectRoot = "";
			targets = (
				4A33B57D2986CDD200BB8CBB /* ExScrolling */,
			);
		};
/* End PBXProject section */

/* Begin PBXResourcesBuildPhase section */
		4A33B57C2986CDD200BB8CBB /* Resources */ = {
			isa = PBXResourcesBuildPhase;
			buildActionMask = 2147483647;
			files = (
				4A33B58E2986CDD300BB8CBB /* LaunchScreen.storyboard in Resources */,
				4A33B58B2986CDD300BB8CBB /* Assets.xcassets in Resources */,
				4A33B5892986CDD200BB8CBB /* Main.storyboard in Resources */,
			);
			runOnlyForDeploymentPostprocessing = 0;
		};
/* End PBXResourcesBuildPhase section */

/* Begin PBXShellScriptBuildPhase section */
		2A60138CD0E9C47A6E055ED6 /* [CP] Embed Pods Frameworks */ = {
			isa = PBXShellScriptBuildPhase;
			buildActionMask = 2147483647;
			files = (
			);
			inputFileListPaths = (
				"${PODS_ROOT}/Target Support Files/Pods-ExScrolling/Pods-ExScrolling-frameworks-${CONFIGURATION}-input-files.xcfilelist",
			);
			name = "[CP] Embed Pods Frameworks";
			outputFileListPaths = (
				"${PODS_ROOT}/Target Support Files/Pods-ExScrolling/Pods-ExScrolling-frameworks-${CONFIGURATION}-output-files.xcfilelist",
			);
			runOnlyForDeploymentPostprocessing = 0;
			shellPath = /bin/sh;
			shellScript = "\"${PODS_ROOT}/Target Support Files/Pods-ExScrolling/Pods-ExScrolling-frameworks.sh\"\n";
			showEnvVarsInLog = 0;
		};
		B4C9FDE1ABE51180EC0159FB /* [CP] Check Pods Manifest.lock */ = {
			isa = PBXShellScriptBuildPhase;
			buildActionMask = 2147483647;
			files = (
			);
			inputFileListPaths = (
			);
			inputPaths = (
				"${PODS_PODFILE_DIR_PATH}/Podfile.lock",
				"${PODS_ROOT}/Manifest.lock",
			);
			name = "[CP] Check Pods Manifest.lock";
			outputFileListPaths = (
			);
			outputPaths = (
				"$(DERIVED_FILE_DIR)/Pods-ExScrolling-checkManifestLockResult.txt",
			);
			runOnlyForDeploymentPostprocessing = 0;
			shellPath = /bin/sh;
			shellScript = "diff \"${PODS_PODFILE_DIR_PATH}/Podfile.lock\" \"${PODS_ROOT}/Manifest.lock\" > /dev/null\nif [ $? != 0 ] ; then\n    # print error to STDERR\n    echo \"error: The sandbox is not in sync with the Podfile.lock. Run 'pod install' or update your CocoaPods installation.\" >&2\n    exit 1\nfi\n# This output is used by Xcode 'outputs' to avoid re-running this script phase.\necho \"SUCCESS\" > \"${SCRIPT_OUTPUT_FILE_0}\"\n";
			showEnvVarsInLog = 0;
		};
/* End PBXShellScriptBuildPhase section */

/* Begin PBXSourcesBuildPhase section */
		4A33B57A2986CDD200BB8CBB /* Sources */ = {
			isa = PBXSourcesBuildPhase;
			buildActionMask = 2147483647;
			files = (
				4A33B5962986CE0200BB8CBB /* MyView.swift in Sources */,
				4A33B5862986CDD200BB8CBB /* ViewController.swift in Sources */,
				4A33B5822986CDD200BB8CBB /* AppDelegate.swift in Sources */,
				4A33B5842986CDD200BB8CBB /* SceneDelegate.swift in Sources */,
			);
			runOnlyForDeploymentPostprocessing = 0;
		};
/* End PBXSourcesBuildPhase section */

/* Begin PBXVariantGroup section */
		4A33B5872986CDD200BB8CBB /* Main.storyboard */ = {
			isa = PBXVariantGroup;
			children = (
				4A33B5882986CDD200BB8CBB /* Base */,
			);
			name = Main.storyboard;
			sourceTree = "<group>";
		};
		4A33B58C2986CDD300BB8CBB /* LaunchScreen.storyboard */ = {
			isa = PBXVariantGroup;
			children = (
				4A33B58D2986CDD300BB8CBB /* Base */,
			);
			name = LaunchScreen.storyboard;
			sourceTree = "<group>";
		};
/* End PBXVariantGroup section */

/* Begin XCBuildConfiguration section */
		4A33B5902986CDD300BB8CBB /* Debug */ = {
			isa = XCBuildConfiguration;
			buildSettings = {
				ALWAYS_SEARCH_USER_PATHS = NO;
				CLANG_ANALYZER_NONNULL = YES;
				CLANG_ANALYZER_NUMBER_OBJECT_CONVERSION = YES_AGGRESSIVE;
				CLANG_CXX_LANGUAGE_STANDARD = "gnu++20";
				CLANG_ENABLE_MODULES = YES;
				CLANG_ENABLE_OBJC_ARC = YES;
				CLANG_ENABLE_OBJC_WEAK = YES;
				CLANG_WARN_BLOCK_CAPTURE_AUTORELEASING = YES;
				CLANG_WARN_BOOL_CONVERSION = YES;
				CLANG_WARN_COMMA = YES;
				CLANG_WARN_CONSTANT_CONVERSION = YES;
				CLANG_WARN_DEPRECATED_OBJC_IMPLEMENTATIONS = YES;
				CLANG_WARN_DIRECT_OBJC_ISA_USAGE = YES_ERROR;
				CLANG_WARN_DOCUMENTATION_COMMENTS = YES;
				CLANG_WARN_EMPTY_BODY = YES;
				CLANG_WARN_ENUM_CONVERSION = YES;
				CLANG_WARN_INFINITE_RECURSION = YES;
				CLANG_WARN_INT_CONVERSION = YES;
				CLANG_WARN_NON_LITERAL_NULL_CONVERSION = YES;
				CLANG_WARN_OBJC_IMPLICIT_RETAIN_SELF = YES;
				CLANG_WARN_OBJC_LITERAL_CONVERSION = YES;
				CLANG_WARN_OBJC_ROOT_CLASS = YES_ERROR;
				CLANG_WARN_QUOTED_INCLUDE_IN_FRAMEWORK_HEADER = YES;
				CLANG_WARN_RANGE_LOOP_ANALYSIS = YES;
				CLANG_WARN_STRICT_PROTOTYPES = YES;
				CLANG_WARN_SUSPICIOUS_MOVE = YES;
				CLANG_WARN_UNGUARDED_AVAILABILITY = YES_AGGRESSIVE;
				CLANG_WARN_UNREACHABLE_CODE = YES;
				CLANG_WARN__DUPLICATE_METHOD_MATCH = YES;
				COPY_PHASE_STRIP = NO;
				DEBUG_INFORMATION_FORMAT = dwarf;
				ENABLE_STRICT_OBJC_MSGSEND = YES;
				ENABLE_TESTABILITY = YES;
				GCC_C_LANGUAGE_STANDARD = gnu11;
				GCC_DYNAMIC_NO_PIC = NO;
				GCC_NO_COMMON_BLOCKS = YES;
				GCC_OPTIMIZATION_LEVEL = 0;
				GCC_PREPROCESSOR_DEFINITIONS = (
					"DEBUG=1",
					"$(inherited)",
				);
				GCC_WARN_64_TO_32_BIT_CONVERSION = YES;
				GCC_WARN_ABOUT_RETURN_TYPE = YES_ERROR;
				GCC_WARN_UNDECLARED_SELECTOR = YES;
				GCC_WARN_UNINITIALIZED_AUTOS = YES_AGGRESSIVE;
				GCC_WARN_UNUSED_FUNCTION = YES;
				GCC_WARN_UNUSED_VARIABLE = YES;
				IPHONEOS_DEPLOYMENT_TARGET = 16.2;
				MTL_ENABLE_DEBUG_INFO = INCLUDE_SOURCE;
				MTL_FAST_MATH = YES;
				ONLY_ACTIVE_ARCH = YES;
				SDKROOT = iphoneos;
				SWIFT_ACTIVE_COMPILATION_CONDITIONS = DEBUG;
				SWIFT_OPTIMIZATION_LEVEL = "-Onone";
			};
			name = Debug;
		};
		4A33B5912986CDD300BB8CBB /* Release */ = {
			isa = XCBuildConfiguration;
			buildSettings = {
				ALWAYS_SEARCH_USER_PATHS = NO;
				CLANG_ANALYZER_NONNULL = YES;
				CLANG_ANALYZER_NUMBER_OBJECT_CONVERSION = YES_AGGRESSIVE;
				CLANG_CXX_LANGUAGE_STANDARD = "gnu++20";
				CLANG_ENABLE_MODULES = YES;
				CLANG_ENABLE_OBJC_ARC = YES;
				CLANG_ENABLE_OBJC_WEAK = YES;
				CLANG_WARN_BLOCK_CAPTURE_AUTORELEASING = YES;
				CLANG_WARN_BOOL_CONVERSION = YES;
				CLANG_WARN_COMMA = YES;
				CLANG_WARN_CONSTANT_CONVERSION = YES;
				CLANG_WARN_DEPRECATED_OBJC_IMPLEMENTATIONS = YES;
				CLANG_WARN_DIRECT_OBJC_ISA_USAGE = YES_ERROR;
				CLANG_WARN_DOCUMENTATION_COMMENTS = YES;
				CLANG_WARN_EMPTY_BODY = YES;
				CLANG_WARN_ENUM_CONVERSION = YES;
				CLANG_WARN_INFINITE_RECURSION = YES;
				CLANG_WARN_INT_CONVERSION = YES;
				CLANG_WARN_NON_LITERAL_NULL_CONVERSION = YES;
				CLANG_WARN_OBJC_IMPLICIT_RETAIN_SELF = YES;
				CLANG_WARN_OBJC_LITERAL_CONVERSION = YES;
				CLANG_WARN_OBJC_ROOT_CLASS = YES_ERROR;
				CLANG_WARN_QUOTED_INCLUDE_IN_FRAMEWORK_HEADER = YES;
				CLANG_WARN_RANGE_LOOP_ANALYSIS = YES;
				CLANG_WARN_STRICT_PROTOTYPES = YES;
				CLANG_WARN_SUSPICIOUS_MOVE = YES;
				CLANG_WARN_UNGUARDED_AVAILABILITY = YES_AGGRESSIVE;
				CLANG_WARN_UNREACHABLE_CODE = YES;
				CLANG_WARN__DUPLICATE_METHOD_MATCH = YES;
				COPY_PHASE_STRIP = NO;
				DEBUG_INFORMATION_FORMAT = "dwarf-with-dsym";
				ENABLE_NS_ASSERTIONS = NO;
				ENABLE_STRICT_OBJC_MSGSEND = YES;
				GCC_C_LANGUAGE_STANDARD = gnu11;
				GCC_NO_COMMON_BLOCKS = YES;
				GCC_WARN_64_TO_32_BIT_CONVERSION = YES;
				GCC_WARN_ABOUT_RETURN_TYPE = YES_ERROR;
				GCC_WARN_UNDECLARED_SELECTOR = YES;
				GCC_WARN_UNINITIALIZED_AUTOS = YES_AGGRESSIVE;
				GCC_WARN_UNUSED_FUNCTION = YES;
				GCC_WARN_UNUSED_VARIABLE = YES;
				IPHONEOS_DEPLOYMENT_TARGET = 16.2;
				MTL_ENABLE_DEBUG_INFO = NO;
				MTL_FAST_MATH = YES;
				SDKROOT = iphoneos;
				SWIFT_COMPILATION_MODE = wholemodule;
				SWIFT_OPTIMIZATION_LEVEL = "-O";
				VALIDATE_PRODUCT = YES;
			};
			name = Release;
		};
		4A33B5932986CDD300BB8CBB /* Debug */ = {
			isa = XCBuildConfiguration;
			baseConfigurationReference = B10DC97C51321394B91D21D7 /* Pods-ExScrolling.debug.xcconfig */;
			buildSettings = {
				ASSETCATALOG_COMPILER_APPICON_NAME = AppIcon;
				ASSETCATALOG_COMPILER_GLOBAL_ACCENT_COLOR_NAME = AccentColor;
				CODE_SIGN_STYLE = Automatic;
				CURRENT_PROJECT_VERSION = 1;
				DEVELOPMENT_TEAM = SS7U83UJNK;
				GENERATE_INFOPLIST_FILE = YES;
				INFOPLIST_FILE = ExScrolling/Info.plist;
				INFOPLIST_KEY_UIApplicationSupportsIndirectInputEvents = YES;
				INFOPLIST_KEY_UILaunchStoryboardName = LaunchScreen;
				INFOPLIST_KEY_UIMainStoryboardFile = Main;
				INFOPLIST_KEY_UISupportedInterfaceOrientations_iPad = "UIInterfaceOrientationPortrait UIInterfaceOrientationPortraitUpsideDown UIInterfaceOrientationLandscapeLeft UIInterfaceOrientationLandscapeRight";
				INFOPLIST_KEY_UISupportedInterfaceOrientations_iPhone = "UIInterfaceOrientationPortrait UIInterfaceOrientationLandscapeLeft UIInterfaceOrientationLandscapeRight";
				LD_RUNPATH_SEARCH_PATHS = (
					"$(inherited)",
					"@executable_path/Frameworks",
				);
				MARKETING_VERSION = 1.0;
				PRODUCT_BUNDLE_IDENTIFIER = com.jake.ExScrolling;
				PRODUCT_NAME = "$(TARGET_NAME)";
				SWIFT_EMIT_LOC_STRINGS = YES;
				SWIFT_VERSION = 5.0;
				TARGETED_DEVICE_FAMILY = "1,2";
			};
			name = Debug;
		};
		4A33B5942986CDD300BB8CBB /* Release */ = {
			isa = XCBuildConfiguration;
			baseConfigurationReference = 7692A8A51EDD6D25F51A813B /* Pods-ExScrolling.release.xcconfig */;
			buildSettings = {
				ASSETCATALOG_COMPILER_APPICON_NAME = AppIcon;
				ASSETCATALOG_COMPILER_GLOBAL_ACCENT_COLOR_NAME = AccentColor;
				CODE_SIGN_STYLE = Automatic;
				CURRENT_PROJECT_VERSION = 1;
				DEVELOPMENT_TEAM = SS7U83UJNK;
				GENERATE_INFOPLIST_FILE = YES;
				INFOPLIST_FILE = ExScrolling/Info.plist;
				INFOPLIST_KEY_UIApplicationSupportsIndirectInputEvents = YES;
				INFOPLIST_KEY_UILaunchStoryboardName = LaunchScreen;
				INFOPLIST_KEY_UIMainStoryboardFile = Main;
				INFOPLIST_KEY_UISupportedInterfaceOrientations_iPad = "UIInterfaceOrientationPortrait UIInterfaceOrientationPortraitUpsideDown UIInterfaceOrientationLandscapeLeft UIInterfaceOrientationLandscapeRight";
				INFOPLIST_KEY_UISupportedInterfaceOrientations_iPhone = "UIInterfaceOrientationPortrait UIInterfaceOrientationLandscapeLeft UIInterfaceOrientationLandscapeRight";
				LD_RUNPATH_SEARCH_PATHS = (
					"$(inherited)",
					"@executable_path/Frameworks",
				);
				MARKETING_VERSION = 1.0;
				PRODUCT_BUNDLE_IDENTIFIER = com.jake.ExScrolling;
				PRODUCT_NAME = "$(TARGET_NAME)";
				SWIFT_EMIT_LOC_STRINGS = YES;
				SWIFT_VERSION = 5.0;
				TARGETED_DEVICE_FAMILY = "1,2";
			};
			name = Release;
		};
/* End XCBuildConfiguration section */

/* Begin XCConfigurationList section */
		4A33B5792986CDD200BB8CBB /* Build configuration list for PBXProject "ExScrolling" */ = {
			isa = XCConfigurationList;
			buildConfigurations = (
				4A33B5902986CDD300BB8CBB /* Debug */,
				4A33B5912986CDD300BB8CBB /* Release */,
			);
			defaultConfigurationIsVisible = 0;
			defaultConfigurationName = Release;
		};
		4A33B5922986CDD300BB8CBB /* Build configuration list for PBXNativeTarget "ExScrolling" */ = {
			isa = XCConfigurationList;
			buildConfigurations = (
				4A33B5932986CDD300BB8CBB /* Debug */,
				4A33B5942986CDD300BB8CBB /* Release */,
			);
			defaultConfigurationIsVisible = 0;
			defaultConfigurationName = Release;
		};
/* End XCConfigurationList section */
	};
	rootObject = 4A33B5762986CDD200BB8CBB /* Project object */;
}
